
Microsoft Visual Studio Solution File, Format Version 12.00
# Visual Studio 15
Project("{FAE04EC0-301F-11D3-BF4B-00C04F79EFBC}") = "Assembly-CSharp", "Assembly-CSharp.csproj", "{718FA50D-CACB-BA93-6F49-A8397C98DA95}"
EndProject
Project("{FAE04EC0-301F-11D3-BF4B-00C04F79EFBC}") = "Assembly-CSharp-Editor", "Assembly-CSharp-Editor.csproj", "{7DF0D1EB-96DD-7929-624D-00BB04EF2BCD}"
EndProject
Global
	GlobalSection(SolutionConfigurationPlatforms) = preSolution
		Debug|Any CPU = Debug|Any CPU
		Release|Any CPU = Release|Any CPU
	EndGlobalSection
	GlobalSection(ProjectConfigurationPlatforms) = postSolution
		{718FA50D-CACB-BA93-6F49-A8397C98DA95}.Debug|Any CPU.ActiveCfg = Debug|Any CPU
		{718FA50D-CACB-BA93-6F49-A8397C98DA95}.Debug|Any CPU.Build.0 = Debug|Any CPU
		{718FA50D-CACB-BA93-6F49-A8397C98DA95}.Release|Any CPU.ActiveCfg = Release|Any CPU
		{718FA50D-CACB-BA93-6F49-A8397C98DA95}.Release|Any CPU.Build.0 = Release|Any CPU
		{7DF0D1EB-96DD-7929-624D-00BB04EF2BCD}.Debug|Any CPU.ActiveCfg = Debug|Any CPU
		{7DF0D1EB-96DD-7929-624D-00BB04EF2BCD}.Debug|Any CPU.Build.0 = Debug|Any CPU
		{7DF0D1EB-96DD-7929-624D-00BB04EF2BCD}.Release|Any CPU.ActiveCfg = Release|Any CPU
		{7DF0D1EB-96DD-7929-624D-00BB04EF2BCD}.Release|Any CPU.Build.0 = Release|Any CPU
	EndGlobalSection
	GlobalSection(SolutionProperties) = preSolution
		HideSolutionNode = FALSE
	EndGlobalSection
EndGlobal
